// !$*UTF8*$!
{
	archiveVersion = 1;
	classes = {
	};
	objectVersion = 46;
	objects = {

/* Begin PBXBuildFile section */
		2065BA7D1E371EA000433880 /* Weapons.swift in Sources */ = {isa = PBXBuildFile; fileRef = 2065BA7C1E371EA000433880 /* Weapons.swift */; };
		20682FF11E2A039100DEBA13 /* AppDelegate.swift in Sources */ = {isa = PBXBuildFile; fileRef = 20682FF01E2A039100DEBA13 /* AppDelegate.swift */; };
		20682FF31E2A039100DEBA13 /* Test.swift in Sources */ = {isa = PBXBuildFile; fileRef = 20682FF21E2A039100DEBA13 /* Test.swift */; };
		20682FF61E2A039100DEBA13 /* Main.storyboard in Resources */ = {isa = PBXBuildFile; fileRef = 20682FF41E2A039100DEBA13 /* Main.storyboard */; };
		20682FFB1E2A039100DEBA13 /* LaunchScreen.storyboard in Resources */ = {isa = PBXBuildFile; fileRef = 20682FF91E2A039100DEBA13 /* LaunchScreen.storyboard */; };
		2096877A1E3B31C000C938EF /* ExtraSound.swift in Sources */ = {isa = PBXBuildFile; fileRef = 209687791E3B31C000C938EF /* ExtraSound.swift */; };
		20DFCC751E38A135007C3306 /* VideoViewController.swift in Sources */ = {isa = PBXBuildFile; fileRef = 20DFCC741E38A135007C3306 /* VideoViewController.swift */; };
		20DFCC771E38A2FD007C3306 /* MainViewController.swift in Sources */ = {isa = PBXBuildFile; fileRef = 20DFCC761E38A2FD007C3306 /* MainViewController.swift */; };
		20DFCC791E39E2C3007C3306 /* WeaponPageViewController.swift in Sources */ = {isa = PBXBuildFile; fileRef = 20DFCC781E39E2C3007C3306 /* WeaponPageViewController.swift */; };
		20DFCC7B1E39E2EC007C3306 /* WeaponViewController.swift in Sources */ = {isa = PBXBuildFile; fileRef = 20DFCC7A1E39E2EC007C3306 /* WeaponViewController.swift */; };
		20DFCC7D1E3A1F0D007C3306 /* Score.swift in Sources */ = {isa = PBXBuildFile; fileRef = 20DFCC7C1E3A1F0D007C3306 /* Score.swift */; };
		20DFCC7F1E3A4A87007C3306 /* PhotoViewController.swift in Sources */ = {isa = PBXBuildFile; fileRef = 20DFCC7E1E3A4A87007C3306 /* PhotoViewController.swift */; };
		20F68F8B1E350D480022D151 /* HitEffects.swift in Sources */ = {isa = PBXBuildFile; fileRef = 20F68F8A1E350D480022D151 /* HitEffects.swift */; };
		20FF65BC1E2A8A2800BFBF10 /* Media.xcassets in Resources */ = {isa = PBXBuildFile; fileRef = 20FF65BB1E2A8A2800BFBF10 /* Media.xcassets */; };
/* End PBXBuildFile section */

/* Begin PBXFileReference section */
		2065BA7C1E371EA000433880 /* Weapons.swift */ = {isa = PBXFileReference; fileEncoding = 4; lastKnownFileType = sourcecode.swift; path = Weapons.swift; sourceTree = "<group>"; };
		20682FED1E2A039100DEBA13 /* livegun.app */ = {isa = PBXFileReference; explicitFileType = wrapper.application; includeInIndex = 0; path = livegun.app; sourceTree = BUILT_PRODUCTS_DIR; };
		20682FF01E2A039100DEBA13 /* AppDelegate.swift */ = {isa = PBXFileReference; lastKnownFileType = sourcecode.swift; path = AppDelegate.swift; sourceTree = "<group>"; };
		20682FF21E2A039100DEBA13 /* Test.swift */ = {isa = PBXFileReference; lastKnownFileType = sourcecode.swift; path = Test.swift; sourceTree = "<group>"; };
		20682FF51E2A039100DEBA13 /* Base */ = {isa = PBXFileReference; lastKnownFileType = file.storyboard; name = Base; path = Base.lproj/Main.storyboard; sourceTree = "<group>"; };
		20682FFA1E2A039100DEBA13 /* Base */ = {isa = PBXFileReference; lastKnownFileType = file.storyboard; name = Base; path = Base.lproj/LaunchScreen.storyboard; sourceTree = "<group>"; };
		20682FFC1E2A039100DEBA13 /* Info.plist */ = {isa = PBXFileReference; lastKnownFileType = text.plist.xml; path = Info.plist; sourceTree = "<group>"; };
		209687791E3B31C000C938EF /* ExtraSound.swift */ = {isa = PBXFileReference; fileEncoding = 4; lastKnownFileType = sourcecode.swift; path = ExtraSound.swift; sourceTree = "<group>"; };
		20DFCC741E38A135007C3306 /* VideoViewController.swift */ = {isa = PBXFileReference; fileEncoding = 4; lastKnownFileType = sourcecode.swift; path = VideoViewController.swift; sourceTree = "<group>"; };
		20DFCC761E38A2FD007C3306 /* MainViewController.swift */ = {isa = PBXFileReference; fileEncoding = 4; lastKnownFileType = sourcecode.swift; path = MainViewController.swift; sourceTree = "<group>"; };
		20DFCC781E39E2C3007C3306 /* WeaponPageViewController.swift */ = {isa = PBXFileReference; fileEncoding = 4; lastKnownFileType = sourcecode.swift; name = WeaponPageViewController.swift; path = ../WeaponPageViewController.swift; sourceTree = "<group>"; };
		20DFCC7A1E39E2EC007C3306 /* WeaponViewController.swift */ = {isa = PBXFileReference; fileEncoding = 4; lastKnownFileType = sourcecode.swift; name = WeaponViewController.swift; path = ../WeaponViewController.swift; sourceTree = "<group>"; };
		20DFCC7C1E3A1F0D007C3306 /* Score.swift */ = {isa = PBXFileReference; fileEncoding = 4; lastKnownFileType = sourcecode.swift; path = Score.swift; sourceTree = "<group>"; };
		20DFCC7E1E3A4A87007C3306 /* PhotoViewController.swift */ = {isa = PBXFileReference; fileEncoding = 4; lastKnownFileType = sourcecode.swift; path = PhotoViewController.swift; sourceTree = "<group>"; };
		20F68F8A1E350D480022D151 /* HitEffects.swift */ = {isa = PBXFileReference; fileEncoding = 4; lastKnownFileType = sourcecode.swift; path = HitEffects.swift; sourceTree = "<group>"; };
		20FF65BB1E2A8A2800BFBF10 /* Media.xcassets */ = {isa = PBXFileReference; lastKnownFileType = folder.assetcatalog; path = Media.xcassets; sourceTree = "<group>"; };
/* End PBXFileReference section */

/* Begin PBXFrameworksBuildPhase section */
		20682FEA1E2A039100DEBA13 /* Frameworks */ = {
			isa = PBXFrameworksBuildPhase;
			buildActionMask = 2147483647;
			files = (
			);
			runOnlyForDeploymentPostprocessing = 0;
		};
/* End PBXFrameworksBuildPhase section */

/* Begin PBXGroup section */
		20682FE41E2A039100DEBA13 = {
			isa = PBXGroup;
			children = (
				20682FEF1E2A039100DEBA13 /* livegun */,
				20682FEE1E2A039100DEBA13 /* Products */,
			);
			sourceTree = "<group>";
		};
		20682FEE1E2A039100DEBA13 /* Products */ = {
			isa = PBXGroup;
			children = (
				20682FED1E2A039100DEBA13 /* livegun.app */,
			);
			name = Products;
			sourceTree = "<group>";
		};
		20682FEF1E2A039100DEBA13 /* livegun */ = {
			isa = PBXGroup;
			children = (
				20DFCC761E38A2FD007C3306 /* MainViewController.swift */,
				20DFCC741E38A135007C3306 /* VideoViewController.swift */,
				20DFCC7E1E3A4A87007C3306 /* PhotoViewController.swift */,
				20DFCC781E39E2C3007C3306 /* WeaponPageViewController.swift */,
				20DFCC7A1E39E2EC007C3306 /* WeaponViewController.swift */,
				2065BA7C1E371EA000433880 /* Weapons.swift */,
				20F68F8A1E350D480022D151 /* HitEffects.swift */,
				209687791E3B31C000C938EF /* ExtraSound.swift */,
				20DFCC7C1E3A1F0D007C3306 /* Score.swift */,
				20682FF41E2A039100DEBA13 /* Main.storyboard */,
				20682FF01E2A039100DEBA13 /* AppDelegate.swift */,
				20682FF91E2A039100DEBA13 /* LaunchScreen.storyboard */,
				20682FFC1E2A039100DEBA13 /* Info.plist */,
				20FF65BB1E2A8A2800BFBF10 /* Media.xcassets */,
				20682FF21E2A039100DEBA13 /* Test.swift */,
			);
			path = livegun;
			sourceTree = "<group>";
		};
/* End PBXGroup section */

/* Begin PBXNativeTarget section */
		20682FEC1E2A039100DEBA13 /* livegun */ = {
			isa = PBXNativeTarget;
			buildConfigurationList = 20682FFF1E2A039100DEBA13 /* Build configuration list for PBXNativeTarget "livegun" */;
			buildPhases = (
				20682FE91E2A039100DEBA13 /* Sources */,
				20682FEA1E2A039100DEBA13 /* Frameworks */,
				20682FEB1E2A039100DEBA13 /* Resources */,
			);
			buildRules = (
			);
			dependencies = (
			);
			name = livegun;
			productName = livegun;
			productReference = 20682FED1E2A039100DEBA13 /* livegun.app */;
			productType = "com.apple.product-type.application";
		};
/* End PBXNativeTarget section */

/* Begin PBXProject section */
		20682FE51E2A039100DEBA13 /* Project object */ = {
			isa = PBXProject;
			attributes = {
				LastSwiftUpdateCheck = 0820;
				LastUpgradeCheck = 0820;
				ORGANIZATIONNAME = "Marek Mako";
				TargetAttributes = {
					20682FEC1E2A039100DEBA13 = {
						CreatedOnToolsVersion = 8.2.1;
						DevelopmentTeam = 4HFWK8AXKL;
						ProvisioningStyle = Automatic;
					};
				};
			};
			buildConfigurationList = 20682FE81E2A039100DEBA13 /* Build configuration list for PBXProject "livegun" */;
			compatibilityVersion = "Xcode 3.2";
			developmentRegion = English;
			hasScannedForEncodings = 0;
			knownRegions = (
				en,
				Base,
			);
			mainGroup = 20682FE41E2A039100DEBA13;
			productRefGroup = 20682FEE1E2A039100DEBA13 /* Products */;
			projectDirPath = "";
			projectRoot = "";
			targets = (
				20682FEC1E2A039100DEBA13 /* livegun */,
			);
		};
/* End PBXProject section */

/* Begin PBXResourcesBuildPhase section */
		20682FEB1E2A039100DEBA13 /* Resources */ = {
			isa = PBXResourcesBuildPhase;
			buildActionMask = 2147483647;
			files = (
				20682FFB1E2A039100DEBA13 /* LaunchScreen.storyboard in Resources */,
				20FF65BC1E2A8A2800BFBF10 /* Media.xcassets in Resources */,
				20682FF61E2A039100DEBA13 /* Main.storyboard in Resources */,
			);
			runOnlyForDeploymentPostprocessing = 0;
		};
/* End PBXResourcesBuildPhase section */

/* Begin PBXSourcesBuildPhase section */
		20682FE91E2A039100DEBA13 /* Sources */ = {
			isa = PBXSourcesBuildPhase;
			buildActionMask = 2147483647;
			files = (
				20F68F8B1E350D480022D151 /* HitEffects.swift in Sources */,
				2096877A1E3B31C000C938EF /* ExtraSound.swift in Sources */,
				2065BA7D1E371EA000433880 /* Weapons.swift in Sources */,
				20682FF31E2A039100DEBA13 /* Test.swift in Sources */,
				20DFCC771E38A2FD007C3306 /* MainViewController.swift in Sources */,
				20DFCC791E39E2C3007C3306 /* WeaponPageViewController.swift in Sources */,
				20DFCC751E38A135007C3306 /* VideoViewController.swift in Sources */,
				20DFCC7B1E39E2EC007C3306 /* WeaponViewController.swift in Sources */,
				20DFCC7D1E3A1F0D007C3306 /* Score.swift in Sources */,
				20682FF11E2A039100DEBA13 /* AppDelegate.swift in Sources */,
				20DFCC7F1E3A4A87007C3306 /* PhotoViewController.swift in Sources */,
			);
			runOnlyForDeploymentPostprocessing = 0;
		};
/* End PBXSourcesBuildPhase section */

/* Begin PBXVariantGroup section */
		20682FF41E2A039100DEBA13 /* Main.storyboard */ = {
			isa = PBXVariantGroup;
			children = (
				20682FF51E2A039100DEBA13 /* Base */,
			);
			name = Main.storyboard;
			sourceTree = "<group>";
		};
		20682FF91E2A039100DEBA13 /* LaunchScreen.storyboard */ = {
			isa = PBXVariantGroup;
			children = (
				20682FFA1E2A039100DEBA13 /* Base */,
			);
			name = LaunchScreen.storyboard;
			sourceTree = "<group>";
		};
/* End PBXVariantGroup section */

/* Begin XCBuildConfiguration section */
		20682FFD1E2A039100DEBA13 /* Debug */ = {
			isa = XCBuildConfiguration;
			buildSettings = {
				ALWAYS_SEARCH_USER_PATHS = NO;
				CLANG_ANALYZER_NONNULL = YES;
				CLANG_CXX_LANGUAGE_STANDARD = "gnu++0x";
				CLANG_CXX_LIBRARY = "libc++";
				CLANG_ENABLE_MODULES = YES;
				CLANG_ENABLE_OBJC_ARC = YES;
				CLANG_WARN_BOOL_CONVERSION = YES;
				CLANG_WARN_CONSTANT_CONVERSION = YES;
				CLANG_WARN_DIRECT_OBJC_ISA_USAGE = YES_ERROR;
				CLANG_WARN_DOCUMENTATION_COMMENTS = YES;
				CLANG_WARN_EMPTY_BODY = YES;
				CLANG_WARN_ENUM_CONVERSION = YES;
				CLANG_WARN_INFINITE_RECURSION = YES;
				CLANG_WARN_INT_CONVERSION = YES;
				CLANG_WARN_OBJC_ROOT_CLASS = YES_ERROR;
				CLANG_WARN_SUSPICIOUS_MOVE = YES;
				CLANG_WARN_UNREACHABLE_CODE = YES;
				CLANG_WARN__DUPLICATE_METHOD_MATCH = YES;
				"CODE_SIGN_IDENTITY[sdk=iphoneos*]" = "iPhone Developer";
				COPY_PHASE_STRIP = NO;
				DEBUG_INFORMATION_FORMAT = dwarf;
				ENABLE_STRICT_OBJC_MSGSEND = YES;
				ENABLE_TESTABILITY = YES;
				GCC_C_LANGUAGE_STANDARD = gnu99;
				GCC_DYNAMIC_NO_PIC = NO;
				GCC_NO_COMMON_BLOCKS = YES;
				GCC_OPTIMIZATION_LEVEL = 0;
				GCC_PREPROCESSOR_DEFINITIONS = (
					"DEBUG=1",
					"$(inherited)",
				);
				GCC_WARN_64_TO_32_BIT_CONVERSION = YES;
				GCC_WARN_ABOUT_RETURN_TYPE = YES_ERROR;
				GCC_WARN_UNDECLARED_SELECTOR = YES;
				GCC_WARN_UNINITIALIZED_AUTOS = YES_AGGRESSIVE;
				GCC_WARN_UNUSED_FUNCTION = YES;
				GCC_WARN_UNUSED_VARIABLE = YES;
				IPHONEOS_DEPLOYMENT_TARGET = 10.2;
				MTL_ENABLE_DEBUG_INFO = YES;
				ONLY_ACTIVE_ARCH = YES;
				SDKROOT = iphoneos;
				SWIFT_ACTIVE_COMPILATION_CONDITIONS = DEBUG;
				SWIFT_OPTIMIZATION_LEVEL = "-Onone";
			};
			name = Debug;
		};
		20682FFE1E2A039100DEBA13 /* Release */ = {
			isa = XCBuildConfiguration;
			buildSettings = {
				ALWAYS_SEARCH_USER_PATHS = NO;
				CLANG_ANALYZER_NONNULL = YES;
				CLANG_CXX_LANGUAGE_STANDARD = "gnu++0x";
				CLANG_CXX_LIBRARY = "libc++";
				CLANG_ENABLE_MODULES = YES;
				CLANG_ENABLE_OBJC_ARC = YES;
				CLANG_WARN_BOOL_CONVERSION = YES;
				CLANG_WARN_CONSTANT_CONVERSION = YES;
				CLANG_WARN_DIRECT_OBJC_ISA_USAGE = YES_ERROR;
				CLANG_WARN_DOCUMENTATION_COMMENTS = YES;
				CLANG_WARN_EMPTY_BODY = YES;
				CLANG_WARN_ENUM_CONVERSION = YES;
				CLANG_WARN_INFINITE_RECURSION = YES;
				CLANG_WARN_INT_CONVERSION = YES;
				CLANG_WARN_OBJC_ROOT_CLASS = YES_ERROR;
				CLANG_WARN_SUSPICIOUS_MOVE = YES;
				CLANG_WARN_UNREACHABLE_CODE = YES;
				CLANG_WARN__DUPLICATE_METHOD_MATCH = YES;
				"CODE_SIGN_IDENTITY[sdk=iphoneos*]" = "iPhone Developer";
				COPY_PHASE_STRIP = NO;
				DEBUG_INFORMATION_FORMAT = "dwarf-with-dsym";
				ENABLE_NS_ASSERTIONS = NO;
				ENABLE_STRICT_OBJC_MSGSEND = YES;
				GCC_C_LANGUAGE_STANDARD = gnu99;
				GCC_NO_COMMON_BLOCKS = YES;
				GCC_WARN_64_TO_32_BIT_CONVERSION = YES;
				GCC_WARN_ABOUT_RETURN_TYPE = YES_ERROR;
				GCC_WARN_UNDECLARED_SELECTOR = YES;
				GCC_WARN_UNINITIALIZED_AUTOS = YES_AGGRESSIVE;
				GCC_WARN_UNUSED_FUNCTION = YES;
				GCC_WARN_UNUSED_VARIABLE = YES;
				IPHONEOS_DEPLOYMENT_TARGET = 10.2;
				MTL_ENABLE_DEBUG_INFO = NO;
				SDKROOT = iphoneos;
				SWIFT_OPTIMIZATION_LEVEL = "-Owholemodule";
				VALIDATE_PRODUCT = YES;
			};
			name = Release;
		};
		206830001E2A039100DEBA13 /* Debug */ = {
			isa = XCBuildConfiguration;
			buildSettings = {
				ASSETCATALOG_COMPILER_APPICON_NAME = AppIcon;
				DEVELOPMENT_TEAM = 4HFWK8AXKL;
				INFOPLIST_FILE = livegun/Info.plist;
				LD_RUNPATH_SEARCH_PATHS = "$(inherited) @executable_path/Frameworks";
				PRODUCT_BUNDLE_IDENTIFIER = com.marekmako.livegun;
				PRODUCT_NAME = "$(TARGET_NAME)";
				SWIFT_VERSION = 3.0;
			};
			name = Debug;
		};
		206830011E2A039100DEBA13 /* Release */ = {
			isa = XCBuildConfiguration;
			buildSettings = {
				ASSETCATALOG_COMPILER_APPICON_NAME = AppIcon;
				DEVELOPMENT_TEAM = 4HFWK8AXKL;
				INFOPLIST_FILE = livegun/Info.plist;
				LD_RUNPATH_SEARCH_PATHS = "$(inherited) @executable_path/Frameworks";
				PRODUCT_BUNDLE_IDENTIFIER = com.marekmako.livegun;
				PRODUCT_NAME = "$(TARGET_NAME)";
				SWIFT_VERSION = 3.0;
			};
			name = Release;
		};
/* End XCBuildConfiguration section */

/* Begin XCConfigurationList section */
		20682FE81E2A039100DEBA13 /* Build configuration list for PBXProject "livegun" */ = {
			isa = XCConfigurationList;
			buildConfigurations = (
				20682FFD1E2A039100DEBA13 /* Debug */,
				20682FFE1E2A039100DEBA13 /* Release */,
			);
			defaultConfigurationIsVisible = 0;
			defaultConfigurationName = Release;
		};
		20682FFF1E2A039100DEBA13 /* Build configuration list for PBXNativeTarget "livegun" */ = {
			isa = XCConfigurationList;
			buildConfigurations = (
				206830001E2A039100DEBA13 /* Debug */,
				206830011E2A039100DEBA13 /* Release */,
			);
			defaultConfigurationIsVisible = 0;
			defaultConfigurationName = Release;
		};
/* End XCConfigurationList section */
	};
	rootObject = 20682FE51E2A039100DEBA13 /* Project object */;
}
